{
  "requires": true,
  "lockfileVersion": 1,
  "dependencies": {
    "measure-duration": {
      "version": "0.1.3",
      "resolved": "https://registry.npmjs.org/measure-duration/-/measure-duration-0.1.3.tgz",
      "integrity": "sha512-hzPzGS+e+f8/ap85FcXppbzM7FDELpXVO9Umbu7fBrVrY8U5Q4CbunhyEi+XTA4jZY7ZnlgQ3RlmlnNSqn0bZg=="
    }
  }
}
